
Microsoft Visual Studio Solution File, Format Version 12.00
# Visual Studio Version 17
VisualStudioVersion = 17.2.32519.379
MinimumVisualStudioVersion = 10.0.40219.1
Project("{9A19103F-16F7-4668-BE54-9A1E7A4F7556}") = "AccountMicroservice", "AccountMicroservice\AccountMicroservice.csproj", "{78393373-EACE-47C3-896F-57E956F97AD7}"
EndProject
Project("{9A19103F-16F7-4668-BE54-9A1E7A4F7556}") = "AccountsTesting", "AccountsTesting\AccountsTesting.csproj", "{2F5E3931-4888-4AE0-BB3F-CFFE175CCF6F}"
EndProject
Project("{9A19103F-16F7-4668-BE54-9A1E7A4F7556}") = "APIGateway", "APIGateway\APIGateway\APIGateway.csproj", "{BE0733E8-F7F5-4C17-846C-5AFD85B8CA3B}"
EndProject
Project("{9A19103F-16F7-4668-BE54-9A1E7A4F7556}") = "AuthenticateMicroservice", "AuthenticateMicroservice\AuthenticateMicroservice.csproj", "{01541EC1-8659-4FA1-92D5-532EEEB834C1}"
EndProject
Project("{9A19103F-16F7-4668-BE54-9A1E7A4F7556}") = "AuthenticateTesting", "AuthenticateTesting\AuthenticateTesting.csproj", "{07589139-4ADA-42B4-BB2A-C215C479B0E3}"
EndProject
Project("{9A19103F-16F7-4668-BE54-9A1E7A4F7556}") = "CustomerMicroservice", "CustomerMicroservice\CustomerMicroservice.csproj", "{2B24E607-547E-418A-9D67-1C09079AF1CE}"
EndProject
Project("{9A19103F-16F7-4668-BE54-9A1E7A4F7556}") = "CustomerTesting", "CustomerTesting\CustomerTesting.csproj", "{333AB5AE-E557-4550-B607-E95FA0182D18}"
EndProject
Project("{9A19103F-16F7-4668-BE54-9A1E7A4F7556}") = "RulesMicroservice", "RulesMicroservice\RulesMicroservice.csproj", "{0BBA1567-AB23-4322-A133-2D6C14EF0538}"
EndProject
Project("{9A19103F-16F7-4668-BE54-9A1E7A4F7556}") = "TransactionMicroservice", "TransactionMicroservice\TransactionMicroservice.csproj", "{BC5256E2-D239-4EA6-AA85-4E5381A5A5CA}"
EndProject
Project("{9A19103F-16F7-4668-BE54-9A1E7A4F7556}") = "TranasctionTesting", "TranasctionTesting\TranasctionTesting.csproj", "{0B68CB3A-4D8A-495F-8D4D-6732051D3168}"
EndProject
Project("{9A19103F-16F7-4668-BE54-9A1E7A4F7556}") = "RulesTesting", "RulesTesting\RulesTesting.csproj", "{A4736430-70A6-4D54-B24F-3EABDAB209ED}"
EndProject
Global
	GlobalSection(SolutionConfigurationPlatforms) = preSolution
		Debug|Any CPU = Debug|Any CPU
		Release|Any CPU = Release|Any CPU
	EndGlobalSection
	GlobalSection(ProjectConfigurationPlatforms) = postSolution
		{78393373-EACE-47C3-896F-57E956F97AD7}.Debug|Any CPU.ActiveCfg = Debug|Any CPU
		{78393373-EACE-47C3-896F-57E956F97AD7}.Debug|Any CPU.Build.0 = Debug|Any CPU
		{78393373-EACE-47C3-896F-57E956F97AD7}.Release|Any CPU.ActiveCfg = Release|Any CPU
		{78393373-EACE-47C3-896F-57E956F97AD7}.Release|Any CPU.Build.0 = Release|Any CPU
		{2F5E3931-4888-4AE0-BB3F-CFFE175CCF6F}.Debug|Any CPU.ActiveCfg = Debug|Any CPU
		{2F5E3931-4888-4AE0-BB3F-CFFE175CCF6F}.Debug|Any CPU.Build.0 = Debug|Any CPU
		{2F5E3931-4888-4AE0-BB3F-CFFE175CCF6F}.Release|Any CPU.ActiveCfg = Release|Any CPU
		{2F5E3931-4888-4AE0-BB3F-CFFE175CCF6F}.Release|Any CPU.Build.0 = Release|Any CPU
		{BE0733E8-F7F5-4C17-846C-5AFD85B8CA3B}.Debug|Any CPU.ActiveCfg = Debug|Any CPU
		{BE0733E8-F7F5-4C17-846C-5AFD85B8CA3B}.Debug|Any CPU.Build.0 = Debug|Any CPU
		{BE0733E8-F7F5-4C17-846C-5AFD85B8CA3B}.Release|Any CPU.ActiveCfg = Release|Any CPU
		{BE0733E8-F7F5-4C17-846C-5AFD85B8CA3B}.Release|Any CPU.Build.0 = Release|Any CPU
		{01541EC1-8659-4FA1-92D5-532EEEB834C1}.Debug|Any CPU.ActiveCfg = Debug|Any CPU
		{01541EC1-8659-4FA1-92D5-532EEEB834C1}.Debug|Any CPU.Build.0 = Debug|Any CPU
		{01541EC1-8659-4FA1-92D5-532EEEB834C1}.Release|Any CPU.ActiveCfg = Release|Any CPU
		{01541EC1-8659-4FA1-92D5-532EEEB834C1}.Release|Any CPU.Build.0 = Release|Any CPU
		{07589139-4ADA-42B4-BB2A-C215C479B0E3}.Debug|Any CPU.ActiveCfg = Debug|Any CPU
		{07589139-4ADA-42B4-BB2A-C215C479B0E3}.Debug|Any CPU.Build.0 = Debug|Any CPU
		{07589139-4ADA-42B4-BB2A-C215C479B0E3}.Release|Any CPU.ActiveCfg = Release|Any CPU
		{07589139-4ADA-42B4-BB2A-C215C479B0E3}.Release|Any CPU.Build.0 = Release|Any CPU
		{2B24E607-547E-418A-9D67-1C09079AF1CE}.Debug|Any CPU.ActiveCfg = Debug|Any CPU
		{2B24E607-547E-418A-9D67-1C09079AF1CE}.Debug|Any CPU.Build.0 = Debug|Any CPU
		{2B24E607-547E-418A-9D67-1C09079AF1CE}.Release|Any CPU.ActiveCfg = Release|Any CPU
		{2B24E607-547E-418A-9D67-1C09079AF1CE}.Release|Any CPU.Build.0 = Release|Any CPU
		{333AB5AE-E557-4550-B607-E95FA0182D18}.Debug|Any CPU.ActiveCfg = Debug|Any CPU
		{333AB5AE-E557-4550-B607-E95FA0182D18}.Debug|Any CPU.Build.0 = Debug|Any CPU
		{333AB5AE-E557-4550-B607-E95FA0182D18}.Release|Any CPU.ActiveCfg = Release|Any CPU
		{333AB5AE-E557-4550-B607-E95FA0182D18}.Release|Any CPU.Build.0 = Release|Any CPU
		{0BBA1567-AB23-4322-A133-2D6C14EF0538}.Debug|Any CPU.ActiveCfg = Debug|Any CPU
		{0BBA1567-AB23-4322-A133-2D6C14EF0538}.Debug|Any CPU.Build.0 = Debug|Any CPU
		{0BBA1567-AB23-4322-A133-2D6C14EF0538}.Release|Any CPU.ActiveCfg = Release|Any CPU
		{0BBA1567-AB23-4322-A133-2D6C14EF0538}.Release|Any CPU.Build.0 = Release|Any CPU
		{BC5256E2-D239-4EA6-AA85-4E5381A5A5CA}.Debug|Any CPU.ActiveCfg = Debug|Any CPU
		{BC5256E2-D239-4EA6-AA85-4E5381A5A5CA}.Debug|Any CPU.Build.0 = Debug|Any CPU
		{BC5256E2-D239-4EA6-AA85-4E5381A5A5CA}.Release|Any CPU.ActiveCfg = Release|Any CPU
		{BC5256E2-D239-4EA6-AA85-4E5381A5A5CA}.Release|Any CPU.Build.0 = Release|Any CPU
		{0B68CB3A-4D8A-495F-8D4D-6732051D3168}.Debug|Any CPU.ActiveCfg = Debug|Any CPU
		{0B68CB3A-4D8A-495F-8D4D-6732051D3168}.Debug|Any CPU.Build.0 = Debug|Any CPU
		{0B68CB3A-4D8A-495F-8D4D-6732051D3168}.Release|Any CPU.ActiveCfg = Release|Any CPU
		{0B68CB3A-4D8A-495F-8D4D-6732051D3168}.Release|Any CPU.Build.0 = Release|Any CPU
		{A4736430-70A6-4D54-B24F-3EABDAB209ED}.Debug|Any CPU.ActiveCfg = Debug|Any CPU
		{A4736430-70A6-4D54-B24F-3EABDAB209ED}.Debug|Any CPU.Build.0 = Debug|Any CPU
		{A4736430-70A6-4D54-B24F-3EABDAB209ED}.Release|Any CPU.ActiveCfg = Release|Any CPU
		{A4736430-70A6-4D54-B24F-3EABDAB209ED}.Release|Any CPU.Build.0 = Release|Any CPU
	EndGlobalSection
	GlobalSection(SolutionProperties) = preSolution
		HideSolutionNode = FALSE
	EndGlobalSection
	GlobalSection(ExtensibilityGlobals) = postSolution
		SolutionGuid = {D1D6B9E0-6C79-4FE6-BE0C-76053FF58E37}
	EndGlobalSection
EndGlobal
